
Microsoft Visual Studio Solution File, Format Version 12.00
# Visual Studio Version 17
VisualStudioVersion = 17.2.32616.157
MinimumVisualStudioVersion = 10.0.40219.1
Project("{FAE04EC0-301F-11D3-BF4B-00C04F79EFBC}") = "HelloWorld", "\10.1.37.5\国住共享文件夹\国住设计区\设计共享区\BIM项目\GuoZhu_Revit_Solution\HelloWorld\HelloWorld\HelloWorld.csproj", "{BD9779A6-E729-4BB2-B119-82A07F3962CA}"
EndProject
Global
	GlobalSection(SolutionConfigurationPlatforms) = preSolution
		Debug|Any CPU = Debug|Any CPU
		Release|Any CPU = Release|Any CPU
	EndGlobalSection
	GlobalSection(ProjectConfigurationPlatforms) = postSolution
		{BD9779A6-E729-4BB2-B119-82A07F3962CA}.Debug|Any CPU.ActiveCfg = Debug|Any CPU
		{BD9779A6-E729-4BB2-B119-82A07F3962CA}.Debug|Any CPU.Build.0 = Debug|Any CPU
		{BD9779A6-E729-4BB2-B119-82A07F3962CA}.Release|Any CPU.ActiveCfg = Release|Any CPU
		{BD9779A6-E729-4BB2-B119-82A07F3962CA}.Release|Any CPU.Build.0 = Release|Any CPU
	EndGlobalSection
	GlobalSection(SolutionProperties) = preSolution
		HideSolutionNode = FALSE
	EndGlobalSection
	GlobalSection(ExtensibilityGlobals) = postSolution
		SolutionGuid = {59184C20-CF19-4B19-B9CA-1FF005C3D6F4}
	EndGlobalSection
EndGlobal
